
Microsoft Visual Studio Solution File, Format Version 12.00
# Visual Studio Version 16
VisualStudioVersion = 16.0.32126.315
MinimumVisualStudioVersion = 10.0.40219.1
Project("{FAE04EC0-301F-11D3-BF4B-00C04F79EFBC}") = "NI_01Interfaces", "NI_01Interfaces.csproj", "{99CCA17C-499F-491A-9CAC-50D481685755}"
EndProject
Project("{FAE04EC0-301F-11D3-BF4B-00C04F79EFBC}") = "PI_02IEnumerable", "..\PI_02IEnumerable\PI_02IEnumerable.csproj", "{D61987A4-6E56-44EC-AB93-3AD2F6369632}"
EndProject
Project("{FAE04EC0-301F-11D3-BF4B-00C04F79EFBC}") = "PI_04ICloneable", "..\PI_04ICloneable\PI_04ICloneable.csproj", "{2598FCD7-0F83-4C56-8FA3-7DF465635D9F}"
EndProject
Project("{FAE04EC0-301F-11D3-BF4B-00C04F79EFBC}") = "PI_06IComparable", "..\PI_06IComparable\PI_06IComparable.csproj", "{FE53CA43-2DB7-43D7-A238-82CDAB37C876}"
EndProject
Project("{FAE04EC0-301F-11D3-BF4B-00C04F79EFBC}") = "POO_07Propiedades", "..\POO_07Propiedades\POO_07Propiedades.csproj", "{AF16D41E-1F5F-4BAF-AF04-43D11F658D3C}"
EndProject
Project("{FAE04EC0-301F-11D3-BF4B-00C04F79EFBC}") = "POO_11AtributosEstaticos", "..\POO_11AtributosEstaticos\POO_11AtributosEstaticos.csproj", "{3F3141FA-9F4C-4E84-8D1D-BDEF56637CAC}"
EndProject
Project("{FAE04EC0-301F-11D3-BF4B-00C04F79EFBC}") = "POO_12MetodosEstaticos", "..\POO_12MetodosEstaticos\POO_12MetodosEstaticos.csproj", "{66607543-EA38-41B4-842C-323D678E7A11}"
EndProject
Project("{FAE04EC0-301F-11D3-BF4B-00C04F79EFBC}") = "POO_13Herencia", "..\POO_13Herencia\POO_13Herencia.csproj", "{8D7B646B-7161-4C9A-A366-C73B37E29C2F}"
EndProject
Project("{FAE04EC0-301F-11D3-BF4B-00C04F79EFBC}") = "POO_14HerenciaConstructor", "..\POO_14HerenciaConstructor\POO_14HerenciaConstructor.csproj", "{6791FB57-F367-4604-BED2-9C3199CAC470}"
EndProject
Project("{FAE04EC0-301F-11D3-BF4B-00C04F79EFBC}") = "POO_16Agregacion", "..\POO_16Agregacion\POO_16Agregacion.csproj", "{F4C4EE1C-D8AF-4395-A01B-3C208A4CF551}"
EndProject
Project("{FAE04EC0-301F-11D3-BF4B-00C04F79EFBC}") = "POO_17Composicion", "..\POO_17Composicion\POO_17Composicion.csproj", "{01378CFB-1778-4A69-B8CC-9E530925F633}"
EndProject
Project("{FAE04EC0-301F-11D3-BF4B-00C04F79EFBC}") = "POO_18FuncionesVirtualesOverride", "..\POO_18FuncionesVirtualesOverride\POO_18FuncionesVirtualesOverride.csproj", "{396517C6-4F94-42D1-A067-5AE4F362B0E6}"
EndProject
Project("{FAE04EC0-301F-11D3-BF4B-00C04F79EFBC}") = "POO_19NewEnMetodos", "..\POO_19NewEnMetodos\POO_19NewEnMetodos.csproj", "{FD922113-0391-40F7-8EF1-45D58244FE1C}"
EndProject
Project("{FAE04EC0-301F-11D3-BF4B-00C04F79EFBC}") = "POO_20Abstract", "..\POO_20Abstract\POO_20Abstract.csproj", "{C65DE7AA-D7C0-4129-84A4-F71A0875BF60}"
EndProject
Project("{FAE04EC0-301F-11D3-BF4B-00C04F79EFBC}") = "POO_21Casting", "..\POO_21Casting\POO_21Casting.csproj", "{E58B002D-7EF5-4369-86E0-F40407575EAB}"
EndProject
Project("{FAE04EC0-301F-11D3-BF4B-00C04F79EFBC}") = "POO_22Polimorfismo", "..\POO_22Polimorfismo\POO_22Polimorfismo.csproj", "{4DA71FE2-E530-44AC-A50E-688DA0880A9D}"
EndProject
Project("{FAE04EC0-301F-11D3-BF4B-00C04F79EFBC}") = "PA_01ArrayList", "..\PA_01ArrayList\PA_01ArrayList.csproj", "{4232A977-88FF-4870-800A-8544A3550E90}"
EndProject
Project("{FAE04EC0-301F-11D3-BF4B-00C04F79EFBC}") = "PA_05HashTable", "..\PA_05HashTable\PA_05HashTable.csproj", "{61B4A47E-421D-4CBB-BDB6-1B20554D42D5}"
EndProject
Project("{FAE04EC0-301F-11D3-BF4B-00C04F79EFBC}") = "PA_07Queue", "..\PA_07Queue\PA_07Queue.csproj", "{8E4D6EE2-DFA8-4A2B-8E80-735A6FC2656F}"
EndProject
Project("{FAE04EC0-301F-11D3-BF4B-00C04F79EFBC}") = "PA_08SortedList", "..\PA_08SortedList\PA_08SortedList.csproj", "{4CC07E45-51F2-48AB-9B49-AC9AE5CFE66E}"
EndProject
Project("{FAE04EC0-301F-11D3-BF4B-00C04F79EFBC}") = "PA_09Stack", "..\PA_09Stack\PA_09Stack.csproj", "{69048673-C131-4D33-866D-99FB703D2060}"
EndProject
Project("{9A19103F-16F7-4668-BE54-9A1E7A4F7556}") = "Pildoras_36Array", "..\Pildoras_36Array\Pildoras_36Array.csproj", "{4C9F58A0-B847-4177-A50B-4DB1D6F17815}"
EndProject
Project("{9A19103F-16F7-4668-BE54-9A1E7A4F7556}") = "Pildoras_35ClasesAnonimas", "..\Pildoras_35ClasesAnonimas\Pildoras_35ClasesAnonimas.csproj", "{85D21992-ED3A-4B1F-BD85-3C213B7EC9E1}"
EndProject
Project("{9A19103F-16F7-4668-BE54-9A1E7A4F7556}") = "Pildoras_42HerenciaII", "..\Pildoras_42HerenciaII\Pildoras_42HerenciaII.csproj", "{7711EB38-1EA7-4848-88B6-B77314127118}"
EndProject
Project("{9A19103F-16F7-4668-BE54-9A1E7A4F7556}") = "Pildoras_40ArrayV_PorParametros", "..\Pildoras_40ArrayV_PorParametros\Pildoras_40ArrayV_PorParametros.csproj", "{771473DF-B67E-429A-BB0B-E107EEEAA79A}"
EndProject
Project("{9A19103F-16F7-4668-BE54-9A1E7A4F7556}") = "Pildoras_37ArrayII_Implicito", "..\Pildoras_37ArrayII_Implicito\Pildoras_37ArrayII_Implicito.csproj", "{ADA94090-83C5-42B0-B41B-B10D9B22FD8D}"
EndProject
Project("{9A19103F-16F7-4668-BE54-9A1E7A4F7556}") = "Pildoras_43HerenciaIII_Constructores", "..\Pildoras_43HerenciaIII_Constructores\Pildoras_43HerenciaIII_Constructores.csproj", "{D46F11BE-F6F8-4B72-8EE0-4CCBDA8F5434}"
EndProject
Project("{9A19103F-16F7-4668-BE54-9A1E7A4F7556}") = "Pildoras_44Herencia_PrincipioSustitucion", "..\Pildoras_44Herencia_PrincipioSustitucion\Pildoras_44Herencia_PrincipioSustitucion.csproj", "{9CFB5F9B-82FF-45A2-9A51-B31158BD73A3}"
EndProject
Project("{9A19103F-16F7-4668-BE54-9A1E7A4F7556}") = "Pildoras_45Herencia_Polimorfismo", "..\Pildoras_45Herencia_Polimorfismo\Pildoras_45Herencia_Polimorfismo.csproj", "{2DDCDD7A-EE62-4702-9BE8-2749B846456F}"
EndProject
Project("{9A19103F-16F7-4668-BE54-9A1E7A4F7556}") = "Pildoras_47Herencia_Ejercicio", "..\Pildoras_47Herencia_Ejercicio\Pildoras_47Herencia_Ejercicio.csproj", "{394DF140-4577-401B-8F75-1B5F1A57DD3F}"
EndProject
Project("{9A19103F-16F7-4668-BE54-9A1E7A4F7556}") = "Pildoras_50Interfaces", "..\Pildoras_50Interfaces\Pildoras_50Interfaces.csproj", "{E274E726-1930-4E99-9CE6-7115DC856651}"
EndProject
Project("{9A19103F-16F7-4668-BE54-9A1E7A4F7556}") = "Pildoras_51Interfaces_Ejemplo", "..\Pildoras_51Interfaces_Ejemplo\Pildoras_51Interfaces_Ejemplo.csproj", "{AAB017B4-8E23-4F43-A099-384DF2597762}"
EndProject
Project("{FAE04EC0-301F-11D3-BF4B-00C04F79EFBC}") = "PA_11ListGenerica", "..\PA_11ListGenerica\PA_11ListGenerica.csproj", "{672C9CE6-F4BC-4CA2-93E1-B6203D44FDF9}"
EndProject
Project("{9A19103F-16F7-4668-BE54-9A1E7A4F7556}") = "Pildoras_57Structs", "..\Pildoras_57Structs\Pildoras_57Structs.csproj", "{982614F2-75DD-4C29-A350-8A01D6C88DD8}"
EndProject
Project("{9A19103F-16F7-4668-BE54-9A1E7A4F7556}") = "Pildoras_53ClaseAbstracta", "..\Pildoras_53ClaseAbstracta\Pildoras_53ClaseAbstracta.csproj", "{83AC54A8-2FDF-4AC8-BC16-7C00BEEFB3CE}"
EndProject
Project("{9A19103F-16F7-4668-BE54-9A1E7A4F7556}") = "Pildoras_55Propiedades", "..\Pildoras_55Propiedades\Pildoras_55Propiedades.csproj", "{712CEE24-5E20-488F-9F88-404BA6CA121D}"
EndProject
Project("{9A19103F-16F7-4668-BE54-9A1E7A4F7556}") = "Pildoras_58Enum", "..\Pildoras_58Enum\Pildoras_58Enum.csproj", "{69010534-C545-4730-8A34-3DEE8BD50F66}"
EndProject
Project("{9A19103F-16F7-4668-BE54-9A1E7A4F7556}") = "Pildoras_59Destructores", "..\Pildoras_59Destructores\Pildoras_59Destructores.csproj", "{61F88BB0-9889-455C-B449-C744D5870463}"
EndProject
Project("{9A19103F-16F7-4668-BE54-9A1E7A4F7556}") = "Pildoras_60GenericosH", "..\Pildoras_60GenericosH\Pildoras_60GenericosH.csproj", "{05E8FCFF-C654-40D5-8564-8A6B619888EF}"
EndProject
Project("{9A19103F-16F7-4668-BE54-9A1E7A4F7556}") = "Pildoras_62Genericos", "..\Pildoras_62Genericos\Pildoras_62Genericos.csproj", "{A8C5E0EB-741B-4229-90E5-8EB2F6C45559}"
EndProject
Project("{9A19103F-16F7-4668-BE54-9A1E7A4F7556}") = "Pildoras_63ColeccionesList", "..\Pildoras_63ColeccionesList\Pildoras_63ColeccionesList.csproj", "{2F674B50-893E-4035-B791-A7A369F78DE6}"
EndProject
Project("{9A19103F-16F7-4668-BE54-9A1E7A4F7556}") = "Pildoras_64ColeccionesLinkedList", "..\Pildoras_64ColeccionesLinkedList\Pildoras_64ColeccionesLinkedList.csproj", "{3F41556A-EA9C-4B69-805B-FD668770BAAC}"
EndProject
Project("{9A19103F-16F7-4668-BE54-9A1E7A4F7556}") = "Pildoras_65ColeccionesQueue", "..\Pildoras_65ColeccionesQueue\Pildoras_65ColeccionesQueue.csproj", "{4CC3B152-8549-415A-A690-301DDB47F25A}"
EndProject
Project("{9A19103F-16F7-4668-BE54-9A1E7A4F7556}") = "Pildoras_66ColeccionesStack_Dictionary", "..\Pildoras_66ColeccionesStack_Dictionary\Pildoras_66ColeccionesStack_Dictionary.csproj", "{7C70A8A7-E183-4978-9886-73508626A4A6}"
EndProject
Project("{9A19103F-16F7-4668-BE54-9A1E7A4F7556}") = "Pildoras_67DelegadosPredicadoLambdasI", "..\Pildoras_67DelegadosPredicadoLambdasI\Pildoras_67DelegadosPredicadoLambdasI.csproj", "{34C0C92D-BC96-46A9-8C38-CCB681A0554D}"
EndProject
Project("{9A19103F-16F7-4668-BE54-9A1E7A4F7556}") = "Pildoras_68DelegadosPredicados", "..\Pildoras_68DelegadosPredicados\Pildoras_68DelegadosPredicados.csproj", "{9EE26608-5AE3-413E-B1DF-ACB474CCCB8C}"
EndProject
Project("{9A19103F-16F7-4668-BE54-9A1E7A4F7556}") = "Pildoras_69DelegadosExpresionesLambda", "..\ConsoleApp1\Pildoras_69DelegadosExpresionesLambda.csproj", "{907ECBA2-8AC1-4EA4-817C-684135F4DDB9}"
EndProject
Project("{FAE04EC0-301F-11D3-BF4B-00C04F79EFBC}") = "PI_07InterfazCallback", "..\PI_07InterfazCallback\PI_07InterfazCallback.csproj", "{5D464C53-7012-4547-B10A-FC58FB4C3BA7}"
EndProject
Project("{FAE04EC0-301F-11D3-BF4B-00C04F79EFBC}") = "PI_08InterfazCallbackII", "..\PI_08InterfazCallbackII\PI_08InterfazCallbackII.csproj", "{74273C6C-2045-405C-9B02-172F836CB092}"
EndProject
Project("{FAE04EC0-301F-11D3-BF4B-00C04F79EFBC}") = "PI_09DelegadosI", "..\PI_09DelegadosI\PI_09DelegadosI.csproj", "{D8F469E7-B185-4F0C-9723-2D3FB783BF92}"
EndProject
Project("{FAE04EC0-301F-11D3-BF4B-00C04F79EFBC}") = "PI_10DelegadosII", "..\PI_10DelegadosII\PI_10DelegadosII.csproj", "{AAA3987D-841B-42D7-BB38-7B7B6206CDBA}"
EndProject
Project("{FAE04EC0-301F-11D3-BF4B-00C04F79EFBC}") = "PI_10DelegadoIIModificado", "..\PI_10DelegadoIIModificado\PI_10DelegadoIIModificado.csproj", "{5F17FC91-D921-466E-A24A-9700ED0ABCDE}"
EndProject
Project("{FAE04EC0-301F-11D3-BF4B-00C04F79EFBC}") = "PI_11DelegadosIII", "..\PI_11DelegadosIII\PI_11DelegadosIII.csproj", "{B92C3DF3-37F7-4EF0-B7C8-B39D16C9DEF4}"
EndProject
Global
	GlobalSection(SolutionConfigurationPlatforms) = preSolution
		Debug|Any CPU = Debug|Any CPU
		Release|Any CPU = Release|Any CPU
	EndGlobalSection
	GlobalSection(ProjectConfigurationPlatforms) = postSolution
		{99CCA17C-499F-491A-9CAC-50D481685755}.Debug|Any CPU.ActiveCfg = Debug|Any CPU
		{99CCA17C-499F-491A-9CAC-50D481685755}.Debug|Any CPU.Build.0 = Debug|Any CPU
		{99CCA17C-499F-491A-9CAC-50D481685755}.Release|Any CPU.ActiveCfg = Release|Any CPU
		{99CCA17C-499F-491A-9CAC-50D481685755}.Release|Any CPU.Build.0 = Release|Any CPU
		{D61987A4-6E56-44EC-AB93-3AD2F6369632}.Debug|Any CPU.ActiveCfg = Debug|Any CPU
		{D61987A4-6E56-44EC-AB93-3AD2F6369632}.Debug|Any CPU.Build.0 = Debug|Any CPU
		{D61987A4-6E56-44EC-AB93-3AD2F6369632}.Release|Any CPU.ActiveCfg = Release|Any CPU
		{D61987A4-6E56-44EC-AB93-3AD2F6369632}.Release|Any CPU.Build.0 = Release|Any CPU
		{2598FCD7-0F83-4C56-8FA3-7DF465635D9F}.Debug|Any CPU.ActiveCfg = Debug|Any CPU
		{2598FCD7-0F83-4C56-8FA3-7DF465635D9F}.Debug|Any CPU.Build.0 = Debug|Any CPU
		{2598FCD7-0F83-4C56-8FA3-7DF465635D9F}.Release|Any CPU.ActiveCfg = Release|Any CPU
		{2598FCD7-0F83-4C56-8FA3-7DF465635D9F}.Release|Any CPU.Build.0 = Release|Any CPU
		{FE53CA43-2DB7-43D7-A238-82CDAB37C876}.Debug|Any CPU.ActiveCfg = Debug|Any CPU
		{FE53CA43-2DB7-43D7-A238-82CDAB37C876}.Debug|Any CPU.Build.0 = Debug|Any CPU
		{FE53CA43-2DB7-43D7-A238-82CDAB37C876}.Release|Any CPU.ActiveCfg = Release|Any CPU
		{FE53CA43-2DB7-43D7-A238-82CDAB37C876}.Release|Any CPU.Build.0 = Release|Any CPU
		{AF16D41E-1F5F-4BAF-AF04-43D11F658D3C}.Debug|Any CPU.ActiveCfg = Debug|Any CPU
		{AF16D41E-1F5F-4BAF-AF04-43D11F658D3C}.Debug|Any CPU.Build.0 = Debug|Any CPU
		{AF16D41E-1F5F-4BAF-AF04-43D11F658D3C}.Release|Any CPU.ActiveCfg = Release|Any CPU
		{AF16D41E-1F5F-4BAF-AF04-43D11F658D3C}.Release|Any CPU.Build.0 = Release|Any CPU
		{3F3141FA-9F4C-4E84-8D1D-BDEF56637CAC}.Debug|Any CPU.ActiveCfg = Debug|Any CPU
		{3F3141FA-9F4C-4E84-8D1D-BDEF56637CAC}.Debug|Any CPU.Build.0 = Debug|Any CPU
		{3F3141FA-9F4C-4E84-8D1D-BDEF56637CAC}.Release|Any CPU.ActiveCfg = Release|Any CPU
		{3F3141FA-9F4C-4E84-8D1D-BDEF56637CAC}.Release|Any CPU.Build.0 = Release|Any CPU
		{66607543-EA38-41B4-842C-323D678E7A11}.Debug|Any CPU.ActiveCfg = Debug|Any CPU
		{66607543-EA38-41B4-842C-323D678E7A11}.Debug|Any CPU.Build.0 = Debug|Any CPU
		{66607543-EA38-41B4-842C-323D678E7A11}.Release|Any CPU.ActiveCfg = Release|Any CPU
		{66607543-EA38-41B4-842C-323D678E7A11}.Release|Any CPU.Build.0 = Release|Any CPU
		{8D7B646B-7161-4C9A-A366-C73B37E29C2F}.Debug|Any CPU.ActiveCfg = Debug|Any CPU
		{8D7B646B-7161-4C9A-A366-C73B37E29C2F}.Debug|Any CPU.Build.0 = Debug|Any CPU
		{8D7B646B-7161-4C9A-A366-C73B37E29C2F}.Release|Any CPU.ActiveCfg = Release|Any CPU
		{8D7B646B-7161-4C9A-A366-C73B37E29C2F}.Release|Any CPU.Build.0 = Release|Any CPU
		{6791FB57-F367-4604-BED2-9C3199CAC470}.Debug|Any CPU.ActiveCfg = Debug|Any CPU
		{6791FB57-F367-4604-BED2-9C3199CAC470}.Debug|Any CPU.Build.0 = Debug|Any CPU
		{6791FB57-F367-4604-BED2-9C3199CAC470}.Release|Any CPU.ActiveCfg = Release|Any CPU
		{6791FB57-F367-4604-BED2-9C3199CAC470}.Release|Any CPU.Build.0 = Release|Any CPU
		{F4C4EE1C-D8AF-4395-A01B-3C208A4CF551}.Debug|Any CPU.ActiveCfg = Debug|Any CPU
		{F4C4EE1C-D8AF-4395-A01B-3C208A4CF551}.Debug|Any CPU.Build.0 = Debug|Any CPU
		{F4C4EE1C-D8AF-4395-A01B-3C208A4CF551}.Release|Any CPU.ActiveCfg = Release|Any CPU
		{F4C4EE1C-D8AF-4395-A01B-3C208A4CF551}.Release|Any CPU.Build.0 = Release|Any CPU
		{01378CFB-1778-4A69-B8CC-9E530925F633}.Debug|Any CPU.ActiveCfg = Debug|Any CPU
		{01378CFB-1778-4A69-B8CC-9E530925F633}.Debug|Any CPU.Build.0 = Debug|Any CPU
		{01378CFB-1778-4A69-B8CC-9E530925F633}.Release|Any CPU.ActiveCfg = Release|Any CPU
		{01378CFB-1778-4A69-B8CC-9E530925F633}.Release|Any CPU.Build.0 = Release|Any CPU
		{396517C6-4F94-42D1-A067-5AE4F362B0E6}.Debug|Any CPU.ActiveCfg = Debug|Any CPU
		{396517C6-4F94-42D1-A067-5AE4F362B0E6}.Debug|Any CPU.Build.0 = Debug|Any CPU
		{396517C6-4F94-42D1-A067-5AE4F362B0E6}.Release|Any CPU.ActiveCfg = Release|Any CPU
		{396517C6-4F94-42D1-A067-5AE4F362B0E6}.Release|Any CPU.Build.0 = Release|Any CPU
		{FD922113-0391-40F7-8EF1-45D58244FE1C}.Debug|Any CPU.ActiveCfg = Debug|Any CPU
		{FD922113-0391-40F7-8EF1-45D58244FE1C}.Debug|Any CPU.Build.0 = Debug|Any CPU
		{FD922113-0391-40F7-8EF1-45D58244FE1C}.Release|Any CPU.ActiveCfg = Release|Any CPU
		{FD922113-0391-40F7-8EF1-45D58244FE1C}.Release|Any CPU.Build.0 = Release|Any CPU
		{C65DE7AA-D7C0-4129-84A4-F71A0875BF60}.Debug|Any CPU.ActiveCfg = Debug|Any CPU
		{C65DE7AA-D7C0-4129-84A4-F71A0875BF60}.Debug|Any CPU.Build.0 = Debug|Any CPU
		{C65DE7AA-D7C0-4129-84A4-F71A0875BF60}.Release|Any CPU.ActiveCfg = Release|Any CPU
		{C65DE7AA-D7C0-4129-84A4-F71A0875BF60}.Release|Any CPU.Build.0 = Release|Any CPU
		{E58B002D-7EF5-4369-86E0-F40407575EAB}.Debug|Any CPU.ActiveCfg = Debug|Any CPU
		{E58B002D-7EF5-4369-86E0-F40407575EAB}.Debug|Any CPU.Build.0 = Debug|Any CPU
		{E58B002D-7EF5-4369-86E0-F40407575EAB}.Release|Any CPU.ActiveCfg = Release|Any CPU
		{E58B002D-7EF5-4369-86E0-F40407575EAB}.Release|Any CPU.Build.0 = Release|Any CPU
		{4DA71FE2-E530-44AC-A50E-688DA0880A9D}.Debug|Any CPU.ActiveCfg = Debug|Any CPU
		{4DA71FE2-E530-44AC-A50E-688DA0880A9D}.Debug|Any CPU.Build.0 = Debug|Any CPU
		{4DA71FE2-E530-44AC-A50E-688DA0880A9D}.Release|Any CPU.ActiveCfg = Release|Any CPU
		{4DA71FE2-E530-44AC-A50E-688DA0880A9D}.Release|Any CPU.Build.0 = Release|Any CPU
		{4232A977-88FF-4870-800A-8544A3550E90}.Debug|Any CPU.ActiveCfg = Debug|Any CPU
		{4232A977-88FF-4870-800A-8544A3550E90}.Debug|Any CPU.Build.0 = Debug|Any CPU
		{4232A977-88FF-4870-800A-8544A3550E90}.Release|Any CPU.ActiveCfg = Release|Any CPU
		{4232A977-88FF-4870-800A-8544A3550E90}.Release|Any CPU.Build.0 = Release|Any CPU
		{61B4A47E-421D-4CBB-BDB6-1B20554D42D5}.Debug|Any CPU.ActiveCfg = Debug|Any CPU
		{61B4A47E-421D-4CBB-BDB6-1B20554D42D5}.Debug|Any CPU.Build.0 = Debug|Any CPU
		{61B4A47E-421D-4CBB-BDB6-1B20554D42D5}.Release|Any CPU.ActiveCfg = Release|Any CPU
		{61B4A47E-421D-4CBB-BDB6-1B20554D42D5}.Release|Any CPU.Build.0 = Release|Any CPU
		{8E4D6EE2-DFA8-4A2B-8E80-735A6FC2656F}.Debug|Any CPU.ActiveCfg = Debug|Any CPU
		{8E4D6EE2-DFA8-4A2B-8E80-735A6FC2656F}.Debug|Any CPU.Build.0 = Debug|Any CPU
		{8E4D6EE2-DFA8-4A2B-8E80-735A6FC2656F}.Release|Any CPU.ActiveCfg = Release|Any CPU
		{8E4D6EE2-DFA8-4A2B-8E80-735A6FC2656F}.Release|Any CPU.Build.0 = Release|Any CPU
		{4CC07E45-51F2-48AB-9B49-AC9AE5CFE66E}.Debug|Any CPU.ActiveCfg = Debug|Any CPU
		{4CC07E45-51F2-48AB-9B49-AC9AE5CFE66E}.Debug|Any CPU.Build.0 = Debug|Any CPU
		{4CC07E45-51F2-48AB-9B49-AC9AE5CFE66E}.Release|Any CPU.ActiveCfg = Release|Any CPU
		{4CC07E45-51F2-48AB-9B49-AC9AE5CFE66E}.Release|Any CPU.Build.0 = Release|Any CPU
		{69048673-C131-4D33-866D-99FB703D2060}.Debug|Any CPU.ActiveCfg = Debug|Any CPU
		{69048673-C131-4D33-866D-99FB703D2060}.Debug|Any CPU.Build.0 = Debug|Any CPU
		{69048673-C131-4D33-866D-99FB703D2060}.Release|Any CPU.ActiveCfg = Release|Any CPU
		{69048673-C131-4D33-866D-99FB703D2060}.Release|Any CPU.Build.0 = Release|Any CPU
		{4C9F58A0-B847-4177-A50B-4DB1D6F17815}.Debug|Any CPU.ActiveCfg = Debug|Any CPU
		{4C9F58A0-B847-4177-A50B-4DB1D6F17815}.Debug|Any CPU.Build.0 = Debug|Any CPU
		{4C9F58A0-B847-4177-A50B-4DB1D6F17815}.Release|Any CPU.ActiveCfg = Release|Any CPU
		{4C9F58A0-B847-4177-A50B-4DB1D6F17815}.Release|Any CPU.Build.0 = Release|Any CPU
		{85D21992-ED3A-4B1F-BD85-3C213B7EC9E1}.Debug|Any CPU.ActiveCfg = Debug|Any CPU
		{85D21992-ED3A-4B1F-BD85-3C213B7EC9E1}.Debug|Any CPU.Build.0 = Debug|Any CPU
		{85D21992-ED3A-4B1F-BD85-3C213B7EC9E1}.Release|Any CPU.ActiveCfg = Release|Any CPU
		{85D21992-ED3A-4B1F-BD85-3C213B7EC9E1}.Release|Any CPU.Build.0 = Release|Any CPU
		{7711EB38-1EA7-4848-88B6-B77314127118}.Debug|Any CPU.ActiveCfg = Debug|Any CPU
		{7711EB38-1EA7-4848-88B6-B77314127118}.Debug|Any CPU.Build.0 = Debug|Any CPU
		{7711EB38-1EA7-4848-88B6-B77314127118}.Release|Any CPU.ActiveCfg = Release|Any CPU
		{7711EB38-1EA7-4848-88B6-B77314127118}.Release|Any CPU.Build.0 = Release|Any CPU
		{771473DF-B67E-429A-BB0B-E107EEEAA79A}.Debug|Any CPU.ActiveCfg = Debug|Any CPU
		{771473DF-B67E-429A-BB0B-E107EEEAA79A}.Debug|Any CPU.Build.0 = Debug|Any CPU
		{771473DF-B67E-429A-BB0B-E107EEEAA79A}.Release|Any CPU.ActiveCfg = Release|Any CPU
		{771473DF-B67E-429A-BB0B-E107EEEAA79A}.Release|Any CPU.Build.0 = Release|Any CPU
		{ADA94090-83C5-42B0-B41B-B10D9B22FD8D}.Debug|Any CPU.ActiveCfg = Debug|Any CPU
		{ADA94090-83C5-42B0-B41B-B10D9B22FD8D}.Debug|Any CPU.Build.0 = Debug|Any CPU
		{ADA94090-83C5-42B0-B41B-B10D9B22FD8D}.Release|Any CPU.ActiveCfg = Release|Any CPU
		{ADA94090-83C5-42B0-B41B-B10D9B22FD8D}.Release|Any CPU.Build.0 = Release|Any CPU
		{D46F11BE-F6F8-4B72-8EE0-4CCBDA8F5434}.Debug|Any CPU.ActiveCfg = Debug|Any CPU
		{D46F11BE-F6F8-4B72-8EE0-4CCBDA8F5434}.Debug|Any CPU.Build.0 = Debug|Any CPU
		{D46F11BE-F6F8-4B72-8EE0-4CCBDA8F5434}.Release|Any CPU.ActiveCfg = Release|Any CPU
		{D46F11BE-F6F8-4B72-8EE0-4CCBDA8F5434}.Release|Any CPU.Build.0 = Release|Any CPU
		{9CFB5F9B-82FF-45A2-9A51-B31158BD73A3}.Debug|Any CPU.ActiveCfg = Debug|Any CPU
		{9CFB5F9B-82FF-45A2-9A51-B31158BD73A3}.Debug|Any CPU.Build.0 = Debug|Any CPU
		{9CFB5F9B-82FF-45A2-9A51-B31158BD73A3}.Release|Any CPU.ActiveCfg = Release|Any CPU
		{9CFB5F9B-82FF-45A2-9A51-B31158BD73A3}.Release|Any CPU.Build.0 = Release|Any CPU
		{2DDCDD7A-EE62-4702-9BE8-2749B846456F}.Debug|Any CPU.ActiveCfg = Debug|Any CPU
		{2DDCDD7A-EE62-4702-9BE8-2749B846456F}.Debug|Any CPU.Build.0 = Debug|Any CPU
		{2DDCDD7A-EE62-4702-9BE8-2749B846456F}.Release|Any CPU.ActiveCfg = Release|Any CPU
		{2DDCDD7A-EE62-4702-9BE8-2749B846456F}.Release|Any CPU.Build.0 = Release|Any CPU
		{394DF140-4577-401B-8F75-1B5F1A57DD3F}.Debug|Any CPU.ActiveCfg = Debug|Any CPU
		{394DF140-4577-401B-8F75-1B5F1A57DD3F}.Debug|Any CPU.Build.0 = Debug|Any CPU
		{394DF140-4577-401B-8F75-1B5F1A57DD3F}.Release|Any CPU.ActiveCfg = Release|Any CPU
		{394DF140-4577-401B-8F75-1B5F1A57DD3F}.Release|Any CPU.Build.0 = Release|Any CPU
		{E274E726-1930-4E99-9CE6-7115DC856651}.Debug|Any CPU.ActiveCfg = Debug|Any CPU
		{E274E726-1930-4E99-9CE6-7115DC856651}.Debug|Any CPU.Build.0 = Debug|Any CPU
		{E274E726-1930-4E99-9CE6-7115DC856651}.Release|Any CPU.ActiveCfg = Release|Any CPU
		{E274E726-1930-4E99-9CE6-7115DC856651}.Release|Any CPU.Build.0 = Release|Any CPU
		{AAB017B4-8E23-4F43-A099-384DF2597762}.Debug|Any CPU.ActiveCfg = Debug|Any CPU
		{AAB017B4-8E23-4F43-A099-384DF2597762}.Debug|Any CPU.Build.0 = Debug|Any CPU
		{AAB017B4-8E23-4F43-A099-384DF2597762}.Release|Any CPU.ActiveCfg = Release|Any CPU
		{AAB017B4-8E23-4F43-A099-384DF2597762}.Release|Any CPU.Build.0 = Release|Any CPU
		{672C9CE6-F4BC-4CA2-93E1-B6203D44FDF9}.Debug|Any CPU.ActiveCfg = Debug|Any CPU
		{672C9CE6-F4BC-4CA2-93E1-B6203D44FDF9}.Debug|Any CPU.Build.0 = Debug|Any CPU
		{672C9CE6-F4BC-4CA2-93E1-B6203D44FDF9}.Release|Any CPU.ActiveCfg = Release|Any CPU
		{672C9CE6-F4BC-4CA2-93E1-B6203D44FDF9}.Release|Any CPU.Build.0 = Release|Any CPU
		{982614F2-75DD-4C29-A350-8A01D6C88DD8}.Debug|Any CPU.ActiveCfg = Debug|Any CPU
		{982614F2-75DD-4C29-A350-8A01D6C88DD8}.Debug|Any CPU.Build.0 = Debug|Any CPU
		{982614F2-75DD-4C29-A350-8A01D6C88DD8}.Release|Any CPU.ActiveCfg = Release|Any CPU
		{982614F2-75DD-4C29-A350-8A01D6C88DD8}.Release|Any CPU.Build.0 = Release|Any CPU
		{83AC54A8-2FDF-4AC8-BC16-7C00BEEFB3CE}.Debug|Any CPU.ActiveCfg = Debug|Any CPU
		{83AC54A8-2FDF-4AC8-BC16-7C00BEEFB3CE}.Debug|Any CPU.Build.0 = Debug|Any CPU
		{83AC54A8-2FDF-4AC8-BC16-7C00BEEFB3CE}.Release|Any CPU.ActiveCfg = Release|Any CPU
		{83AC54A8-2FDF-4AC8-BC16-7C00BEEFB3CE}.Release|Any CPU.Build.0 = Release|Any CPU
		{712CEE24-5E20-488F-9F88-404BA6CA121D}.Debug|Any CPU.ActiveCfg = Debug|Any CPU
		{712CEE24-5E20-488F-9F88-404BA6CA121D}.Debug|Any CPU.Build.0 = Debug|Any CPU
		{712CEE24-5E20-488F-9F88-404BA6CA121D}.Release|Any CPU.ActiveCfg = Release|Any CPU
		{712CEE24-5E20-488F-9F88-404BA6CA121D}.Release|Any CPU.Build.0 = Release|Any CPU
		{69010534-C545-4730-8A34-3DEE8BD50F66}.Debug|Any CPU.ActiveCfg = Debug|Any CPU
		{69010534-C545-4730-8A34-3DEE8BD50F66}.Debug|Any CPU.Build.0 = Debug|Any CPU
		{69010534-C545-4730-8A34-3DEE8BD50F66}.Release|Any CPU.ActiveCfg = Release|Any CPU
		{69010534-C545-4730-8A34-3DEE8BD50F66}.Release|Any CPU.Build.0 = Release|Any CPU
		{61F88BB0-9889-455C-B449-C744D5870463}.Debug|Any CPU.ActiveCfg = Debug|Any CPU
		{61F88BB0-9889-455C-B449-C744D5870463}.Debug|Any CPU.Build.0 = Debug|Any CPU
		{61F88BB0-9889-455C-B449-C744D5870463}.Release|Any CPU.ActiveCfg = Release|Any CPU
		{61F88BB0-9889-455C-B449-C744D5870463}.Release|Any CPU.Build.0 = Release|Any CPU
		{05E8FCFF-C654-40D5-8564-8A6B619888EF}.Debug|Any CPU.ActiveCfg = Debug|Any CPU
		{05E8FCFF-C654-40D5-8564-8A6B619888EF}.Debug|Any CPU.Build.0 = Debug|Any CPU
		{05E8FCFF-C654-40D5-8564-8A6B619888EF}.Release|Any CPU.ActiveCfg = Release|Any CPU
		{05E8FCFF-C654-40D5-8564-8A6B619888EF}.Release|Any CPU.Build.0 = Release|Any CPU
		{A8C5E0EB-741B-4229-90E5-8EB2F6C45559}.Debug|Any CPU.ActiveCfg = Debug|Any CPU
		{A8C5E0EB-741B-4229-90E5-8EB2F6C45559}.Debug|Any CPU.Build.0 = Debug|Any CPU
		{A8C5E0EB-741B-4229-90E5-8EB2F6C45559}.Release|Any CPU.ActiveCfg = Release|Any CPU
		{A8C5E0EB-741B-4229-90E5-8EB2F6C45559}.Release|Any CPU.Build.0 = Release|Any CPU
		{2F674B50-893E-4035-B791-A7A369F78DE6}.Debug|Any CPU.ActiveCfg = Debug|Any CPU
		{2F674B50-893E-4035-B791-A7A369F78DE6}.Debug|Any CPU.Build.0 = Debug|Any CPU
		{2F674B50-893E-4035-B791-A7A369F78DE6}.Release|Any CPU.ActiveCfg = Release|Any CPU
		{2F674B50-893E-4035-B791-A7A369F78DE6}.Release|Any CPU.Build.0 = Release|Any CPU
		{3F41556A-EA9C-4B69-805B-FD668770BAAC}.Debug|Any CPU.ActiveCfg = Debug|Any CPU
		{3F41556A-EA9C-4B69-805B-FD668770BAAC}.Debug|Any CPU.Build.0 = Debug|Any CPU
		{3F41556A-EA9C-4B69-805B-FD668770BAAC}.Release|Any CPU.ActiveCfg = Release|Any CPU
		{3F41556A-EA9C-4B69-805B-FD668770BAAC}.Release|Any CPU.Build.0 = Release|Any CPU
		{4CC3B152-8549-415A-A690-301DDB47F25A}.Debug|Any CPU.ActiveCfg = Debug|Any CPU
		{4CC3B152-8549-415A-A690-301DDB47F25A}.Debug|Any CPU.Build.0 = Debug|Any CPU
		{4CC3B152-8549-415A-A690-301DDB47F25A}.Release|Any CPU.ActiveCfg = Release|Any CPU
		{4CC3B152-8549-415A-A690-301DDB47F25A}.Release|Any CPU.Build.0 = Release|Any CPU
		{7C70A8A7-E183-4978-9886-73508626A4A6}.Debug|Any CPU.ActiveCfg = Debug|Any CPU
		{7C70A8A7-E183-4978-9886-73508626A4A6}.Debug|Any CPU.Build.0 = Debug|Any CPU
		{7C70A8A7-E183-4978-9886-73508626A4A6}.Release|Any CPU.ActiveCfg = Release|Any CPU
		{7C70A8A7-E183-4978-9886-73508626A4A6}.Release|Any CPU.Build.0 = Release|Any CPU
		{34C0C92D-BC96-46A9-8C38-CCB681A0554D}.Debug|Any CPU.ActiveCfg = Debug|Any CPU
		{34C0C92D-BC96-46A9-8C38-CCB681A0554D}.Debug|Any CPU.Build.0 = Debug|Any CPU
		{34C0C92D-BC96-46A9-8C38-CCB681A0554D}.Release|Any CPU.ActiveCfg = Release|Any CPU
		{34C0C92D-BC96-46A9-8C38-CCB681A0554D}.Release|Any CPU.Build.0 = Release|Any CPU
		{9EE26608-5AE3-413E-B1DF-ACB474CCCB8C}.Debug|Any CPU.ActiveCfg = Debug|Any CPU
		{9EE26608-5AE3-413E-B1DF-ACB474CCCB8C}.Debug|Any CPU.Build.0 = Debug|Any CPU
		{9EE26608-5AE3-413E-B1DF-ACB474CCCB8C}.Release|Any CPU.ActiveCfg = Release|Any CPU
		{9EE26608-5AE3-413E-B1DF-ACB474CCCB8C}.Release|Any CPU.Build.0 = Release|Any CPU
		{907ECBA2-8AC1-4EA4-817C-684135F4DDB9}.Debug|Any CPU.ActiveCfg = Debug|Any CPU
		{907ECBA2-8AC1-4EA4-817C-684135F4DDB9}.Debug|Any CPU.Build.0 = Debug|Any CPU
		{907ECBA2-8AC1-4EA4-817C-684135F4DDB9}.Release|Any CPU.ActiveCfg = Release|Any CPU
		{907ECBA2-8AC1-4EA4-817C-684135F4DDB9}.Release|Any CPU.Build.0 = Release|Any CPU
		{5D464C53-7012-4547-B10A-FC58FB4C3BA7}.Debug|Any CPU.ActiveCfg = Debug|Any CPU
		{5D464C53-7012-4547-B10A-FC58FB4C3BA7}.Debug|Any CPU.Build.0 = Debug|Any CPU
		{5D464C53-7012-4547-B10A-FC58FB4C3BA7}.Release|Any CPU.ActiveCfg = Release|Any CPU
		{5D464C53-7012-4547-B10A-FC58FB4C3BA7}.Release|Any CPU.Build.0 = Release|Any CPU
		{74273C6C-2045-405C-9B02-172F836CB092}.Debug|Any CPU.ActiveCfg = Debug|Any CPU
		{74273C6C-2045-405C-9B02-172F836CB092}.Debug|Any CPU.Build.0 = Debug|Any CPU
		{74273C6C-2045-405C-9B02-172F836CB092}.Release|Any CPU.ActiveCfg = Release|Any CPU
		{74273C6C-2045-405C-9B02-172F836CB092}.Release|Any CPU.Build.0 = Release|Any CPU
		{D8F469E7-B185-4F0C-9723-2D3FB783BF92}.Debug|Any CPU.ActiveCfg = Debug|Any CPU
		{D8F469E7-B185-4F0C-9723-2D3FB783BF92}.Debug|Any CPU.Build.0 = Debug|Any CPU
		{D8F469E7-B185-4F0C-9723-2D3FB783BF92}.Release|Any CPU.ActiveCfg = Release|Any CPU
		{D8F469E7-B185-4F0C-9723-2D3FB783BF92}.Release|Any CPU.Build.0 = Release|Any CPU
		{AAA3987D-841B-42D7-BB38-7B7B6206CDBA}.Debug|Any CPU.ActiveCfg = Debug|Any CPU
		{AAA3987D-841B-42D7-BB38-7B7B6206CDBA}.Debug|Any CPU.Build.0 = Debug|Any CPU
		{AAA3987D-841B-42D7-BB38-7B7B6206CDBA}.Release|Any CPU.ActiveCfg = Release|Any CPU
		{AAA3987D-841B-42D7-BB38-7B7B6206CDBA}.Release|Any CPU.Build.0 = Release|Any CPU
		{5F17FC91-D921-466E-A24A-9700ED0ABCDE}.Debug|Any CPU.ActiveCfg = Debug|Any CPU
		{5F17FC91-D921-466E-A24A-9700ED0ABCDE}.Debug|Any CPU.Build.0 = Debug|Any CPU
		{5F17FC91-D921-466E-A24A-9700ED0ABCDE}.Release|Any CPU.ActiveCfg = Release|Any CPU
		{5F17FC91-D921-466E-A24A-9700ED0ABCDE}.Release|Any CPU.Build.0 = Release|Any CPU
		{B92C3DF3-37F7-4EF0-B7C8-B39D16C9DEF4}.Debug|Any CPU.ActiveCfg = Debug|Any CPU
		{B92C3DF3-37F7-4EF0-B7C8-B39D16C9DEF4}.Debug|Any CPU.Build.0 = Debug|Any CPU
		{B92C3DF3-37F7-4EF0-B7C8-B39D16C9DEF4}.Release|Any CPU.ActiveCfg = Release|Any CPU
		{B92C3DF3-37F7-4EF0-B7C8-B39D16C9DEF4}.Release|Any CPU.Build.0 = Release|Any CPU
	EndGlobalSection
	GlobalSection(SolutionProperties) = preSolution
		HideSolutionNode = FALSE
	EndGlobalSection
	GlobalSection(ExtensibilityGlobals) = postSolution
		SolutionGuid = {A1354B21-82AE-444D-9DEE-49F38B7F4342}
	EndGlobalSection
EndGlobal
