
Microsoft Visual Studio Solution File, Format Version 12.00
# Visual Studio Version 16
VisualStudioVersion = 16.0.32126.315
MinimumVisualStudioVersion = 10.0.40219.1
Project("{FAE04EC0-301F-11D3-BF4B-00C04F79EFBC}") = "NI_01Interfaces", "NI_01Interfaces.csproj", "{99CCA17C-499F-491A-9CAC-50D481685755}"
EndProject
Project("{FAE04EC0-301F-11D3-BF4B-00C04F79EFBC}") = "PI_02IEnumerable", "..\PI_02IEnumerable\PI_02IEnumerable.csproj", "{D61987A4-6E56-44EC-AB93-3AD2F6369632}"
EndProject
Project("{FAE04EC0-301F-11D3-BF4B-00C04F79EFBC}") = "PI_04ICloneable", "..\PI_04ICloneable\PI_04ICloneable.csproj", "{2598FCD7-0F83-4C56-8FA3-7DF465635D9F}"
EndProject
Project("{FAE04EC0-301F-11D3-BF4B-00C04F79EFBC}") = "PI_06IComparable", "..\PI_06IComparable\PI_06IComparable.csproj", "{FE53CA43-2DB7-43D7-A238-82CDAB37C876}"
EndProject
Project("{FAE04EC0-301F-11D3-BF4B-00C04F79EFBC}") = "POO_07Propiedades", "..\POO_07Propiedades\POO_07Propiedades.csproj", "{AF16D41E-1F5F-4BAF-AF04-43D11F658D3C}"
EndProject
Project("{FAE04EC0-301F-11D3-BF4B-00C04F79EFBC}") = "POO_11AtributosEstaticos", "..\POO_11AtributosEstaticos\POO_11AtributosEstaticos.csproj", "{3F3141FA-9F4C-4E84-8D1D-BDEF56637CAC}"
EndProject
Project("{FAE04EC0-301F-11D3-BF4B-00C04F79EFBC}") = "POO_12MetodosEstaticos", "..\POO_12MetodosEstaticos\POO_12MetodosEstaticos.csproj", "{66607543-EA38-41B4-842C-323D678E7A11}"
EndProject
Project("{FAE04EC0-301F-11D3-BF4B-00C04F79EFBC}") = "POO_13Herencia", "..\POO_13Herencia\POO_13Herencia.csproj", "{8D7B646B-7161-4C9A-A366-C73B37E29C2F}"
EndProject
Project("{FAE04EC0-301F-11D3-BF4B-00C04F79EFBC}") = "POO_14HerenciaConstructor", "..\POO_14HerenciaConstructor\POO_14HerenciaConstructor.csproj", "{6791FB57-F367-4604-BED2-9C3199CAC470}"
EndProject
Project("{FAE04EC0-301F-11D3-BF4B-00C04F79EFBC}") = "POO_16Agregacion", "..\POO_16Agregacion\POO_16Agregacion.csproj", "{F4C4EE1C-D8AF-4395-A01B-3C208A4CF551}"
EndProject
Project("{FAE04EC0-301F-11D3-BF4B-00C04F79EFBC}") = "POO_17Composicion", "..\POO_17Composicion\POO_17Composicion.csproj", "{01378CFB-1778-4A69-B8CC-9E530925F633}"
EndProject
Project("{FAE04EC0-301F-11D3-BF4B-00C04F79EFBC}") = "POO_18FuncionesVirtualesOverride", "..\POO_18FuncionesVirtualesOverride\POO_18FuncionesVirtualesOverride.csproj", "{396517C6-4F94-42D1-A067-5AE4F362B0E6}"
EndProject
Project("{FAE04EC0-301F-11D3-BF4B-00C04F79EFBC}") = "POO_19NewEnMetodos", "..\POO_19NewEnMetodos\POO_19NewEnMetodos.csproj", "{FD922113-0391-40F7-8EF1-45D58244FE1C}"
EndProject
Project("{FAE04EC0-301F-11D3-BF4B-00C04F79EFBC}") = "POO_20Abstract", "..\POO_20Abstract\POO_20Abstract.csproj", "{C65DE7AA-D7C0-4129-84A4-F71A0875BF60}"
EndProject
Project("{FAE04EC0-301F-11D3-BF4B-00C04F79EFBC}") = "POO_21Casting", "..\POO_21Casting\POO_21Casting.csproj", "{E58B002D-7EF5-4369-86E0-F40407575EAB}"
EndProject
Project("{FAE04EC0-301F-11D3-BF4B-00C04F79EFBC}") = "POO_22Polimorfismo", "..\POO_22Polimorfismo\POO_22Polimorfismo.csproj", "{4DA71FE2-E530-44AC-A50E-688DA0880A9D}"
EndProject
Global
	GlobalSection(SolutionConfigurationPlatforms) = preSolution
		Debug|Any CPU = Debug|Any CPU
		Release|Any CPU = Release|Any CPU
	EndGlobalSection
	GlobalSection(ProjectConfigurationPlatforms) = postSolution
		{99CCA17C-499F-491A-9CAC-50D481685755}.Debug|Any CPU.ActiveCfg = Debug|Any CPU
		{99CCA17C-499F-491A-9CAC-50D481685755}.Debug|Any CPU.Build.0 = Debug|Any CPU
		{99CCA17C-499F-491A-9CAC-50D481685755}.Release|Any CPU.ActiveCfg = Release|Any CPU
		{99CCA17C-499F-491A-9CAC-50D481685755}.Release|Any CPU.Build.0 = Release|Any CPU
		{D61987A4-6E56-44EC-AB93-3AD2F6369632}.Debug|Any CPU.ActiveCfg = Debug|Any CPU
		{D61987A4-6E56-44EC-AB93-3AD2F6369632}.Debug|Any CPU.Build.0 = Debug|Any CPU
		{D61987A4-6E56-44EC-AB93-3AD2F6369632}.Release|Any CPU.ActiveCfg = Release|Any CPU
		{D61987A4-6E56-44EC-AB93-3AD2F6369632}.Release|Any CPU.Build.0 = Release|Any CPU
		{2598FCD7-0F83-4C56-8FA3-7DF465635D9F}.Debug|Any CPU.ActiveCfg = Debug|Any CPU
		{2598FCD7-0F83-4C56-8FA3-7DF465635D9F}.Debug|Any CPU.Build.0 = Debug|Any CPU
		{2598FCD7-0F83-4C56-8FA3-7DF465635D9F}.Release|Any CPU.ActiveCfg = Release|Any CPU
		{2598FCD7-0F83-4C56-8FA3-7DF465635D9F}.Release|Any CPU.Build.0 = Release|Any CPU
		{FE53CA43-2DB7-43D7-A238-82CDAB37C876}.Debug|Any CPU.ActiveCfg = Debug|Any CPU
		{FE53CA43-2DB7-43D7-A238-82CDAB37C876}.Debug|Any CPU.Build.0 = Debug|Any CPU
		{FE53CA43-2DB7-43D7-A238-82CDAB37C876}.Release|Any CPU.ActiveCfg = Release|Any CPU
		{FE53CA43-2DB7-43D7-A238-82CDAB37C876}.Release|Any CPU.Build.0 = Release|Any CPU
		{AF16D41E-1F5F-4BAF-AF04-43D11F658D3C}.Debug|Any CPU.ActiveCfg = Debug|Any CPU
		{AF16D41E-1F5F-4BAF-AF04-43D11F658D3C}.Debug|Any CPU.Build.0 = Debug|Any CPU
		{AF16D41E-1F5F-4BAF-AF04-43D11F658D3C}.Release|Any CPU.ActiveCfg = Release|Any CPU
		{AF16D41E-1F5F-4BAF-AF04-43D11F658D3C}.Release|Any CPU.Build.0 = Release|Any CPU
		{3F3141FA-9F4C-4E84-8D1D-BDEF56637CAC}.Debug|Any CPU.ActiveCfg = Debug|Any CPU
		{3F3141FA-9F4C-4E84-8D1D-BDEF56637CAC}.Debug|Any CPU.Build.0 = Debug|Any CPU
		{3F3141FA-9F4C-4E84-8D1D-BDEF56637CAC}.Release|Any CPU.ActiveCfg = Release|Any CPU
		{3F3141FA-9F4C-4E84-8D1D-BDEF56637CAC}.Release|Any CPU.Build.0 = Release|Any CPU
		{66607543-EA38-41B4-842C-323D678E7A11}.Debug|Any CPU.ActiveCfg = Debug|Any CPU
		{66607543-EA38-41B4-842C-323D678E7A11}.Debug|Any CPU.Build.0 = Debug|Any CPU
		{66607543-EA38-41B4-842C-323D678E7A11}.Release|Any CPU.ActiveCfg = Release|Any CPU
		{66607543-EA38-41B4-842C-323D678E7A11}.Release|Any CPU.Build.0 = Release|Any CPU
		{8D7B646B-7161-4C9A-A366-C73B37E29C2F}.Debug|Any CPU.ActiveCfg = Debug|Any CPU
		{8D7B646B-7161-4C9A-A366-C73B37E29C2F}.Debug|Any CPU.Build.0 = Debug|Any CPU
		{8D7B646B-7161-4C9A-A366-C73B37E29C2F}.Release|Any CPU.ActiveCfg = Release|Any CPU
		{8D7B646B-7161-4C9A-A366-C73B37E29C2F}.Release|Any CPU.Build.0 = Release|Any CPU
		{6791FB57-F367-4604-BED2-9C3199CAC470}.Debug|Any CPU.ActiveCfg = Debug|Any CPU
		{6791FB57-F367-4604-BED2-9C3199CAC470}.Debug|Any CPU.Build.0 = Debug|Any CPU
		{6791FB57-F367-4604-BED2-9C3199CAC470}.Release|Any CPU.ActiveCfg = Release|Any CPU
		{6791FB57-F367-4604-BED2-9C3199CAC470}.Release|Any CPU.Build.0 = Release|Any CPU
		{F4C4EE1C-D8AF-4395-A01B-3C208A4CF551}.Debug|Any CPU.ActiveCfg = Debug|Any CPU
		{F4C4EE1C-D8AF-4395-A01B-3C208A4CF551}.Debug|Any CPU.Build.0 = Debug|Any CPU
		{F4C4EE1C-D8AF-4395-A01B-3C208A4CF551}.Release|Any CPU.ActiveCfg = Release|Any CPU
		{F4C4EE1C-D8AF-4395-A01B-3C208A4CF551}.Release|Any CPU.Build.0 = Release|Any CPU
		{01378CFB-1778-4A69-B8CC-9E530925F633}.Debug|Any CPU.ActiveCfg = Debug|Any CPU
		{01378CFB-1778-4A69-B8CC-9E530925F633}.Debug|Any CPU.Build.0 = Debug|Any CPU
		{01378CFB-1778-4A69-B8CC-9E530925F633}.Release|Any CPU.ActiveCfg = Release|Any CPU
		{01378CFB-1778-4A69-B8CC-9E530925F633}.Release|Any CPU.Build.0 = Release|Any CPU
		{396517C6-4F94-42D1-A067-5AE4F362B0E6}.Debug|Any CPU.ActiveCfg = Debug|Any CPU
		{396517C6-4F94-42D1-A067-5AE4F362B0E6}.Debug|Any CPU.Build.0 = Debug|Any CPU
		{396517C6-4F94-42D1-A067-5AE4F362B0E6}.Release|Any CPU.ActiveCfg = Release|Any CPU
		{396517C6-4F94-42D1-A067-5AE4F362B0E6}.Release|Any CPU.Build.0 = Release|Any CPU
		{FD922113-0391-40F7-8EF1-45D58244FE1C}.Debug|Any CPU.ActiveCfg = Debug|Any CPU
		{FD922113-0391-40F7-8EF1-45D58244FE1C}.Debug|Any CPU.Build.0 = Debug|Any CPU
		{FD922113-0391-40F7-8EF1-45D58244FE1C}.Release|Any CPU.ActiveCfg = Release|Any CPU
		{FD922113-0391-40F7-8EF1-45D58244FE1C}.Release|Any CPU.Build.0 = Release|Any CPU
		{C65DE7AA-D7C0-4129-84A4-F71A0875BF60}.Debug|Any CPU.ActiveCfg = Debug|Any CPU
		{C65DE7AA-D7C0-4129-84A4-F71A0875BF60}.Debug|Any CPU.Build.0 = Debug|Any CPU
		{C65DE7AA-D7C0-4129-84A4-F71A0875BF60}.Release|Any CPU.ActiveCfg = Release|Any CPU
		{C65DE7AA-D7C0-4129-84A4-F71A0875BF60}.Release|Any CPU.Build.0 = Release|Any CPU
		{E58B002D-7EF5-4369-86E0-F40407575EAB}.Debug|Any CPU.ActiveCfg = Debug|Any CPU
		{E58B002D-7EF5-4369-86E0-F40407575EAB}.Debug|Any CPU.Build.0 = Debug|Any CPU
		{E58B002D-7EF5-4369-86E0-F40407575EAB}.Release|Any CPU.ActiveCfg = Release|Any CPU
		{E58B002D-7EF5-4369-86E0-F40407575EAB}.Release|Any CPU.Build.0 = Release|Any CPU
		{4DA71FE2-E530-44AC-A50E-688DA0880A9D}.Debug|Any CPU.ActiveCfg = Debug|Any CPU
		{4DA71FE2-E530-44AC-A50E-688DA0880A9D}.Debug|Any CPU.Build.0 = Debug|Any CPU
		{4DA71FE2-E530-44AC-A50E-688DA0880A9D}.Release|Any CPU.ActiveCfg = Release|Any CPU
		{4DA71FE2-E530-44AC-A50E-688DA0880A9D}.Release|Any CPU.Build.0 = Release|Any CPU
	EndGlobalSection
	GlobalSection(SolutionProperties) = preSolution
		HideSolutionNode = FALSE
	EndGlobalSection
	GlobalSection(ExtensibilityGlobals) = postSolution
		SolutionGuid = {A1354B21-82AE-444D-9DEE-49F38B7F4342}
	EndGlobalSection
EndGlobal
